<?xml version="1.0" encoding="utf-8"?>
<Project ToolsVersion="4.0" xmlns="http://schemas.microsoft.com/developer/msbuild/2003">
  <ItemGroup>
    <Filter Include="소스 파일">
      <UniqueIdentifier>{4FC737F1-C7A5-4376-A066-2A32D752A2FF}</UniqueIdentifier>
      <Extensions>cpp;c;cc;cxx;c++;cppm;ixx;def;odl;idl;hpj;bat;asm;asmx</Extensions>
    </Filter>
    <Filter Include="헤더 파일">
      <UniqueIdentifier>{93995380-89BD-4b04-88EB-625FBE52EBFB}</UniqueIdentifier>
      <Extensions>h;hh;hpp;hxx;h++;hm;inl;inc;ipp;xsd</Extensions>
    </Filter>
    <Filter Include="리소스 파일">
      <UniqueIdentifier>{67DA6AB6-F800-4c08-8B7A-83BB121AAD01}</UniqueIdentifier>
      <Extensions>rc;ico;cur;bmp;dlg;rc2;rct;bin;rgs;gif;jpg;jpeg;jpe;resx;tiff;tif;png;wav;mfcribbon-ms</Extensions>
    </Filter>
    <Filter Include="Engine">
      <UniqueIdentifier>{fcffae79-0622-4522-809e-c91d3d949bfc}</UniqueIdentifier>
    </Filter>
    <Filter Include="Engine\02. Core">
      <UniqueIdentifier>{4998ba34-68f5-4b01-8ba6-bdf446294179}</UniqueIdentifier>
    </Filter>
    <Filter Include="Engine\01. Header">
      <UniqueIdentifier>{81424865-ac60-4214-b080-5c6513dd3d93}</UniqueIdentifier>
    </Filter>
    <Filter Include="Engine\03. Manager">
      <UniqueIdentifier>{19c0a274-236d-41ae-909b-eee716c638f1}</UniqueIdentifier>
    </Filter>
    <Filter Include="Engine\04. Object">
      <UniqueIdentifier>{6fef613c-4937-4f64-9292-8103cbea8318}</UniqueIdentifier>
    </Filter>
    <Filter Include="Engine\03. Manager\KeyMgr">
      <UniqueIdentifier>{c44c0545-1b60-4355-8052-9ffdc9b6e435}</UniqueIdentifier>
    </Filter>
    <Filter Include="Engine\03. Manager\CTimeMgr">
      <UniqueIdentifier>{045f5b13-c675-4ff6-ba10-7c04be16c729}</UniqueIdentifier>
    </Filter>
    <Filter Include="Engine\05. Scene">
      <UniqueIdentifier>{530e6437-8903-4bca-a039-82a5f3a565c1}</UniqueIdentifier>
    </Filter>
    <Filter Include="Engine\03. Manager\CSceneMgr">
      <UniqueIdentifier>{5006c2a6-9983-4b5b-bbba-493e67470630}</UniqueIdentifier>
    </Filter>
    <Filter Include="Engine\05. Scene\Scene_Start">
      <UniqueIdentifier>{29938f15-3341-4cc5-8950-e527aadf5280}</UniqueIdentifier>
    </Filter>
    <Filter Include="Engine\05. Scene\Scene_Tool">
      <UniqueIdentifier>{755b7990-aaaf-403a-add7-582550913bd9}</UniqueIdentifier>
    </Filter>
  </ItemGroup>
  <ItemGroup>
    <ClInclude Include="framework.h">
      <Filter>헤더 파일</Filter>
    </ClInclude>
    <ClInclude Include="targetver.h">
      <Filter>헤더 파일</Filter>
    </ClInclude>
    <ClInclude Include="Resource.h">
      <Filter>헤더 파일</Filter>
    </ClInclude>
    <ClInclude Include="Win32APIStudy.h">
      <Filter>헤더 파일</Filter>
    </ClInclude>
    <ClInclude Include="CCore.h">
      <Filter>Engine\02. Core</Filter>
    </ClInclude>
    <ClInclude Include="define.h">
      <Filter>Engine\01. Header</Filter>
    </ClInclude>
    <ClInclude Include="pch.h" />
    <ClInclude Include="CObject.h">
      <Filter>Engine\04. Object</Filter>
    </ClInclude>
    <ClInclude Include="struct.h">
      <Filter>Engine\01. Header</Filter>
    </ClInclude>
    <ClInclude Include="CKeyMgr.h">
      <Filter>Engine\03. Manager\KeyMgr</Filter>
    </ClInclude>
    <ClInclude Include="CTimeMgr.h">
      <Filter>Engine\03. Manager\CTimeMgr</Filter>
    </ClInclude>
    <ClInclude Include="CScene.h">
      <Filter>Engine\05. Scene</Filter>
    </ClInclude>
    <ClInclude Include="CSceneMgr.h">
      <Filter>Engine\03. Manager\CSceneMgr</Filter>
    </ClInclude>
    <ClInclude Include="CScene_Start.h">
      <Filter>Engine\05. Scene\Scene_Start</Filter>
    </ClInclude>
    <ClInclude Include="CScene_Tool.h">
      <Filter>Engine\05. Scene\Scene_Tool</Filter>
    </ClInclude>
  </ItemGroup>
  <ItemGroup>
    <ClCompile Include="Win32APIStudy.cpp">
      <Filter>소스 파일</Filter>
    </ClCompile>
    <ClCompile Include="CCore.cpp">
      <Filter>Engine\02. Core</Filter>
    </ClCompile>
    <ClCompile Include="CObject.cpp">
      <Filter>Engine\04. Object</Filter>
    </ClCompile>
    <ClCompile Include="CKeyMgr.cpp">
      <Filter>Engine\03. Manager\KeyMgr</Filter>
    </ClCompile>
    <ClCompile Include="CTimeMgr.cpp">
      <Filter>Engine\03. Manager\CTimeMgr</Filter>
    </ClCompile>
    <ClCompile Include="CScene.cpp">
      <Filter>Engine\05. Scene</Filter>
    </ClCompile>
    <ClCompile Include="CSceneMgr.cpp">
      <Filter>Engine\03. Manager\CSceneMgr</Filter>
    </ClCompile>
    <ClCompile Include="CScene_Start.cpp">
      <Filter>Engine\05. Scene\Scene_Start</Filter>
    </ClCompile>
    <ClCompile Include="CScene_Tool.cpp">
      <Filter>Engine\05. Scene\Scene_Tool</Filter>
    </ClCompile>
  </ItemGroup>
  <ItemGroup>
    <ResourceCompile Include="Win32APIStudy.rc">
      <Filter>리소스 파일</Filter>
    </ResourceCompile>
  </ItemGroup>
  <ItemGroup>
    <Image Include="small.ico">
      <Filter>리소스 파일</Filter>
    </Image>
    <Image Include="Win32APIStudy.ico">
      <Filter>리소스 파일</Filter>
    </Image>
  </ItemGroup>
</Project>